<Solution>
  <Project Path="01_AppWebApi/AppWebApi.csproj" />
  <Project Path="02_Services/Services.csproj" />
  <Project Path="03a_DbRepos/DbRepos.csproj" />
  <Project Path="03b_DbContext/DbContext.csproj" />
  <Project Path="03c_DbModels/DbModels.csproj" />
  <Project Path="05_Configuration/Configuration.csproj" />
  <Project Path="04_Models/Models.csproj" />
</Solution>
